# This file was autogenerated by Stack.
# You should not edit this file by hand.
# For more information, please see the documentation at:
#   https://docs.haskellstack.org/en/stable/lock_files

packages:
- completed:
    pantry-tree:
      sha256: f6a6e1d9f4ae6debef291c5ddd215174467ee48218ba763a37f5e809e217f830
      size: 29033
    hackage: rebase-1.16.0.1@sha256:fd24334b509f60daf95bae9c928cd7c7158fe1a4e58e3832ecfc649e2632b508,14355
  original:
    hackage: rebase-1.16.0.1
snapshots:
- completed:
    sha256: 507441b1ddc1e0f6d76f83fd213ed4ff9c34c171a6c1af2c3eb45d7067532cb6
    size: 635634
    url: https://raw.githubusercontent.com/commercialhaskell/stackage-snapshots/master/nightly/2022/9/16.yaml
  original: nightly-2022-09-16
