# This file was autogenerated by Stack.
# You should not edit this file by hand.
# For more information, please see the documentation at:
#   https://docs.haskellstack.org/en/stable/lock_files

packages:
- completed:
    pantry-tree:
      sha256: d183b8f85c7ecc1138bda927cb22d3f45c986d299b08ec4c5173b30adf8df46e
      size: 29115
    hackage: rebase-1.16.1@sha256:45b031efbc6706bd960469b576f9b962b9753c7cecc777e459cb72f3d99cf393,14389
  original:
    hackage: rebase-1.16.1
snapshots:
- completed:
    sha256: 2b54dab52718c316413ffda74058ceee837946be8bdf321e3bc99aee8abfb64c
    size: 636695
    url: https://raw.githubusercontent.com/commercialhaskell/stackage-snapshots/master/nightly/2022/9/17.yaml
  original: nightly-2022-09-17
